// !$*UTF8*$!
{
	archiveVersion = 1;
	classes = {
	};
	objectVersion = 50;
	objects = {

/* Begin PBXBuildFile section */
		56945F65241DCFFC0070E281 /* AppDelegate.swift in Sources */ = {isa = PBXBuildFile; fileRef = 56945F64241DCFFC0070E281 /* AppDelegate.swift */; };
		56945F67241DCFFC0070E281 /* SceneDelegate.swift in Sources */ = {isa = PBXBuildFile; fileRef = 56945F66241DCFFC0070E281 /* SceneDelegate.swift */; };
		56945F69241DCFFC0070E281 /* ViewController.swift in Sources */ = {isa = PBXBuildFile; fileRef = 56945F68241DCFFC0070E281 /* ViewController.swift */; };
		56945F6C241DCFFC0070E281 /* Main.storyboard in Resources */ = {isa = PBXBuildFile; fileRef = 56945F6A241DCFFC0070E281 /* Main.storyboard */; };
		56945F6E241DD0000070E281 /* Assets.xcassets in Resources */ = {isa = PBXBuildFile; fileRef = 56945F6D241DD0000070E281 /* Assets.xcassets */; };
		56945F71241DD0000070E281 /* LaunchScreen.storyboard in Resources */ = {isa = PBXBuildFile; fileRef = 56945F6F241DD0000070E281 /* LaunchScreen.storyboard */; };
		56945F7C241DD0010070E281 /* UserDefaultsTests.swift in Sources */ = {isa = PBXBuildFile; fileRef = 56945F7B241DD0010070E281 /* UserDefaultsTests.swift */; };
		56945F87241DD0010070E281 /* UserDefaultsUITests.swift in Sources */ = {isa = PBXBuildFile; fileRef = 56945F86241DD0010070E281 /* UserDefaultsUITests.swift */; };
/* End PBXBuildFile section */

/* Begin PBXContainerItemProxy section */
		56945F78241DD0000070E281 /* PBXContainerItemProxy */ = {
			isa = PBXContainerItemProxy;
			containerPortal = 56945F59241DCFFC0070E281 /* Project object */;
			proxyType = 1;
			remoteGlobalIDString = 56945F60241DCFFC0070E281;
			remoteInfo = UserDefaults;
		};
		56945F83241DD0010070E281 /* PBXContainerItemProxy */ = {
			isa = PBXContainerItemProxy;
			containerPortal = 56945F59241DCFFC0070E281 /* Project object */;
			proxyType = 1;
			remoteGlobalIDString = 56945F60241DCFFC0070E281;
			remoteInfo = UserDefaults;
		};
/* End PBXContainerItemProxy section */

/* Begin PBXFileReference section */
		56945F61241DCFFC0070E281 /* UserDefaults.app */ = {isa = PBXFileReference; explicitFileType = wrapper.application; includeInIndex = 0; path = UserDefaults.app; sourceTree = BUILT_PRODUCTS_DIR; };
		56945F64241DCFFC0070E281 /* AppDelegate.swift */ = {isa = PBXFileReference; lastKnownFileType = sourcecode.swift; path = AppDelegate.swift; sourceTree = "<group>"; };
		56945F66241DCFFC0070E281 /* SceneDelegate.swift */ = {isa = PBXFileReference; lastKnownFileType = sourcecode.swift; path = SceneDelegate.swift; sourceTree = "<group>"; };
		56945F68241DCFFC0070E281 /* ViewController.swift */ = {isa = PBXFileReference; lastKnownFileType = sourcecode.swift; path = ViewController.swift; sourceTree = "<group>"; };
		56945F6B241DCFFC0070E281 /* Base */ = {isa = PBXFileReference; lastKnownFileType = file.storyboard; name = Base; path = Base.lproj/Main.storyboard; sourceTree = "<group>"; };
		56945F6D241DD0000070E281 /* Assets.xcassets */ = {isa = PBXFileReference; lastKnownFileType = folder.assetcatalog; path = Assets.xcassets; sourceTree = "<group>"; };
		56945F70241DD0000070E281 /* Base */ = {isa = PBXFileReference; lastKnownFileType = file.storyboard; name = Base; path = Base.lproj/LaunchScreen.storyboard; sourceTree = "<group>"; };
		56945F72241DD0000070E281 /* Info.plist */ = {isa = PBXFileReference; lastKnownFileType = text.plist.xml; path = Info.plist; sourceTree = "<group>"; };
		56945F77241DD0000070E281 /* UserDefaultsTests.xctest */ = {isa = PBXFileReference; explicitFileType = wrapper.cfbundle; includeInIndex = 0; path = UserDefaultsTests.xctest; sourceTree = BUILT_PRODUCTS_DIR; };
		56945F7B241DD0010070E281 /* UserDefaultsTests.swift */ = {isa = PBXFileReference; lastKnownFileType = sourcecode.swift; path = UserDefaultsTests.swift; sourceTree = "<group>"; };
		56945F7D241DD0010070E281 /* Info.plist */ = {isa = PBXFileReference; lastKnownFileType = text.plist.xml; path = Info.plist; sourceTree = "<group>"; };
		56945F82241DD0010070E281 /* UserDefaultsUITests.xctest */ = {isa = PBXFileReference; explicitFileType = wrapper.cfbundle; includeInIndex = 0; path = UserDefaultsUITests.xctest; sourceTree = BUILT_PRODUCTS_DIR; };
		56945F86241DD0010070E281 /* UserDefaultsUITests.swift */ = {isa = PBXFileReference; lastKnownFileType = sourcecode.swift; path = UserDefaultsUITests.swift; sourceTree = "<group>"; };
		56945F88241DD0010070E281 /* Info.plist */ = {isa = PBXFileReference; lastKnownFileType = text.plist.xml; path = Info.plist; sourceTree = "<group>"; };
/* End PBXFileReference section */

/* Begin PBXFrameworksBuildPhase section */
		56945F5E241DCFFC0070E281 /* Frameworks */ = {
			isa = PBXFrameworksBuildPhase;
			buildActionMask = 2147483647;
			files = (
			);
			runOnlyForDeploymentPostprocessing = 0;
		};
		56945F74241DD0000070E281 /* Frameworks */ = {
			isa = PBXFrameworksBuildPhase;
			buildActionMask = 2147483647;
			files = (
			);
			runOnlyForDeploymentPostprocessing = 0;
		};
		56945F7F241DD0010070E281 /* Frameworks */ = {
			isa = PBXFrameworksBuildPhase;
			buildActionMask = 2147483647;
			files = (
			);
			runOnlyForDeploymentPostprocessing = 0;
		};
/* End PBXFrameworksBuildPhase section */

/* Begin PBXGroup section */
		56945F58241DCFFC0070E281 = {
			isa = PBXGroup;
			children = (
				56945F63241DCFFC0070E281 /* UserDefaults */,
				56945F7A241DD0010070E281 /* UserDefaultsTests */,
				56945F85241DD0010070E281 /* UserDefaultsUITests */,
				56945F62241DCFFC0070E281 /* Products */,
			);
			sourceTree = "<group>";
		};
		56945F62241DCFFC0070E281 /* Products */ = {
			isa = PBXGroup;
			children = (
				56945F61241DCFFC0070E281 /* UserDefaults.app */,
				56945F77241DD0000070E281 /* UserDefaultsTests.xctest */,
				56945F82241DD0010070E281 /* UserDefaultsUITests.xctest */,
			);
			name = Products;
			sourceTree = "<group>";
		};
		56945F63241DCFFC0070E281 /* UserDefaults */ = {
			isa = PBXGroup;
			children = (
				56945F64241DCFFC0070E281 /* AppDelegate.swift */,
				56945F66241DCFFC0070E281 /* SceneDelegate.swift */,
				56945F68241DCFFC0070E281 /* ViewController.swift */,
				56945F6A241DCFFC0070E281 /* Main.storyboard */,
				56945F6D241DD0000070E281 /* Assets.xcassets */,
				56945F6F241DD0000070E281 /* LaunchScreen.storyboard */,
				56945F72241DD0000070E281 /* Info.plist */,
			);
			path = UserDefaults;
			sourceTree = "<group>";
		};
		56945F7A241DD0010070E281 /* UserDefaultsTests */ = {
			isa = PBXGroup;
			children = (
				56945F7B241DD0010070E281 /* UserDefaultsTests.swift */,
				56945F7D241DD0010070E281 /* Info.plist */,
			);
			path = UserDefaultsTests;
			sourceTree = "<group>";
		};
		56945F85241DD0010070E281 /* UserDefaultsUITests */ = {
			isa = PBXGroup;
			children = (
				56945F86241DD0010070E281 /* UserDefaultsUITests.swift */,
				56945F88241DD0010070E281 /* Info.plist */,
			);
			path = UserDefaultsUITests;
			sourceTree = "<group>";
		};
/* End PBXGroup section */

/* Begin PBXNativeTarget section */
		56945F60241DCFFC0070E281 /* UserDefaults */ = {
			isa = PBXNativeTarget;
			buildConfigurationList = 56945F8B241DD0010070E281 /* Build configuration list for PBXNativeTarget "UserDefaults" */;
			buildPhases = (
				56945F5D241DCFFC0070E281 /* Sources */,
				56945F5E241DCFFC0070E281 /* Frameworks */,
				56945F5F241DCFFC0070E281 /* Resources */,
			);
			buildRules = (
			);
			dependencies = (
			);
			name = UserDefaults;
			productName = UserDefaults;
			productReference = 56945F61241DCFFC0070E281 /* UserDefaults.app */;
			productType = "com.apple.product-type.application";
		};
		56945F76241DD0000070E281 /* UserDefaultsTests */ = {
			isa = PBXNativeTarget;
			buildConfigurationList = 56945F8E241DD0010070E281 /* Build configuration list for PBXNativeTarget "UserDefaultsTests" */;
			buildPhases = (
				56945F73241DD0000070E281 /* Sources */,
				56945F74241DD0000070E281 /* Frameworks */,
				56945F75241DD0000070E281 /* Resources */,
			);
			buildRules = (
			);
			dependencies = (
				56945F79241DD0000070E281 /* PBXTargetDependency */,
			);
			name = UserDefaultsTests;
			productName = UserDefaultsTests;
			productReference = 56945F77241DD0000070E281 /* UserDefaultsTests.xctest */;
			productType = "com.apple.product-type.bundle.unit-test";
		};
		56945F81241DD0010070E281 /* UserDefaultsUITests */ = {
			isa = PBXNativeTarget;
			buildConfigurationList = 56945F91241DD0010070E281 /* Build configuration list for PBXNativeTarget "UserDefaultsUITests" */;
			buildPhases = (
				56945F7E241DD0010070E281 /* Sources */,
				56945F7F241DD0010070E281 /* Frameworks */,
				56945F80241DD0010070E281 /* Resources */,
			);
			buildRules = (
			);
			dependencies = (
				56945F84241DD0010070E281 /* PBXTargetDependency */,
			);
			name = UserDefaultsUITests;
			productName = UserDefaultsUITests;
			productReference = 56945F82241DD0010070E281 /* UserDefaultsUITests.xctest */;
			productType = "com.apple.product-type.bundle.ui-testing";
		};
/* End PBXNativeTarget section */

/* Begin PBXProject section */
		56945F59241DCFFC0070E281 /* Project object */ = {
			isa = PBXProject;
			attributes = {
				LastSwiftUpdateCheck = 1130;
				LastUpgradeCheck = 1130;
				ORGANIZATIONNAME = "杉山遥";
				TargetAttributes = {
					56945F60241DCFFC0070E281 = {
						CreatedOnToolsVersion = 11.3.1;
					};
					56945F76241DD0000070E281 = {
						CreatedOnToolsVersion = 11.3.1;
						TestTargetID = 56945F60241DCFFC0070E281;
					};
					56945F81241DD0010070E281 = {
						CreatedOnToolsVersion = 11.3.1;
						TestTargetID = 56945F60241DCFFC0070E281;
					};
				};
			};
			buildConfigurationList = 56945F5C241DCFFC0070E281 /* Build configuration list for PBXProject "UserDefaults" */;
			compatibilityVersion = "Xcode 9.3";
			developmentRegion = en;
			hasScannedForEncodings = 0;
			knownRegions = (
				en,
				Base,
			);
			mainGroup = 56945F58241DCFFC0070E281;
			productRefGroup = 56945F62241DCFFC0070E281 /* Products */;
			projectDirPath = "";
			projectRoot = "";
			targets = (
				56945F60241DCFFC0070E281 /* UserDefaults */,
				56945F76241DD0000070E281 /* UserDefaultsTests */,
				56945F81241DD0010070E281 /* UserDefaultsUITests */,
			);
		};
/* End PBXProject section */

/* Begin PBXResourcesBuildPhase section */
		56945F5F241DCFFC0070E281 /* Resources */ = {
			isa = PBXResourcesBuildPhase;
			buildActionMask = 2147483647;
			files = (
				56945F71241DD0000070E281 /* LaunchScreen.storyboard in Resources */,
				56945F6E241DD0000070E281 /* Assets.xcassets in Resources */,
				56945F6C241DCFFC0070E281 /* Main.storyboard in Resources */,
			);
			runOnlyForDeploymentPostprocessing = 0;
		};
		56945F75241DD0000070E281 /* Resources */ = {
			isa = PBXResourcesBuildPhase;
			buildActionMask = 2147483647;
			files = (
			);
			runOnlyForDeploymentPostprocessing = 0;
		};
		56945F80241DD0010070E281 /* Resources */ = {
			isa = PBXResourcesBuildPhase;
			buildActionMask = 2147483647;
			files = (
			);
			runOnlyForDeploymentPostprocessing = 0;
		};
/* End PBXResourcesBuildPhase section */

/* Begin PBXSourcesBuildPhase section */
		56945F5D241DCFFC0070E281 /* Sources */ = {
			isa = PBXSourcesBuildPhase;
			buildActionMask = 2147483647;
			files = (
				56945F69241DCFFC0070E281 /* ViewController.swift in Sources */,
				56945F65241DCFFC0070E281 /* AppDelegate.swift in Sources */,
				56945F67241DCFFC0070E281 /* SceneDelegate.swift in Sources */,
			);
			runOnlyForDeploymentPostprocessing = 0;
		};
		56945F73241DD0000070E281 /* Sources */ = {
			isa = PBXSourcesBuildPhase;
			buildActionMask = 2147483647;
			files = (
				56945F7C241DD0010070E281 /* UserDefaultsTests.swift in Sources */,
			);
			runOnlyForDeploymentPostprocessing = 0;
		};
		56945F7E241DD0010070E281 /* Sources */ = {
			isa = PBXSourcesBuildPhase;
			buildActionMask = 2147483647;
			files = (
				56945F87241DD0010070E281 /* UserDefaultsUITests.swift in Sources */,
			);
			runOnlyForDeploymentPostprocessing = 0;
		};
/* End PBXSourcesBuildPhase section */

/* Begin PBXTargetDependency section */
		56945F79241DD0000070E281 /* PBXTargetDependency */ = {
			isa = PBXTargetDependency;
			target = 56945F60241DCFFC0070E281 /* UserDefaults */;
			targetProxy = 56945F78241DD0000070E281 /* PBXContainerItemProxy */;
		};
		56945F84241DD0010070E281 /* PBXTargetDependency */ = {
			isa = PBXTargetDependency;
			target = 56945F60241DCFFC0070E281 /* UserDefaults */;
			targetProxy = 56945F83241DD0010070E281 /* PBXContainerItemProxy */;
		};
/* End PBXTargetDependency section */

/* Begin PBXVariantGroup section */
		56945F6A241DCFFC0070E281 /* Main.storyboard */ = {
			isa = PBXVariantGroup;
			children = (
				56945F6B241DCFFC0070E281 /* Base */,
			);
			name = Main.storyboard;
			sourceTree = "<group>";
		};
		56945F6F241DD0000070E281 /* LaunchScreen.storyboard */ = {
			isa = PBXVariantGroup;
			children = (
				56945F70241DD0000070E281 /* Base */,
			);
			name = LaunchScreen.storyboard;
			sourceTree = "<group>";
		};
/* End PBXVariantGroup section */

/* Begin XCBuildConfiguration section */
		56945F89241DD0010070E281 /* Debug */ = {
			isa = XCBuildConfiguration;
			buildSettings = {
				ALWAYS_SEARCH_USER_PATHS = NO;
				CLANG_ANALYZER_NONNULL = YES;
				CLANG_ANALYZER_NUMBER_OBJECT_CONVERSION = YES_AGGRESSIVE;
				CLANG_CXX_LANGUAGE_STANDARD = "gnu++14";
				CLANG_CXX_LIBRARY = "libc++";
				CLANG_ENABLE_MODULES = YES;
				CLANG_ENABLE_OBJC_ARC = YES;
				CLANG_ENABLE_OBJC_WEAK = YES;
				CLANG_WARN_BLOCK_CAPTURE_AUTORELEASING = YES;
				CLANG_WARN_BOOL_CONVERSION = YES;
				CLANG_WARN_COMMA = YES;
				CLANG_WARN_CONSTANT_CONVERSION = YES;
				CLANG_WARN_DEPRECATED_OBJC_IMPLEMENTATIONS = YES;
				CLANG_WARN_DIRECT_OBJC_ISA_USAGE = YES_ERROR;
				CLANG_WARN_DOCUMENTATION_COMMENTS = YES;
				CLANG_WARN_EMPTY_BODY = YES;
				CLANG_WARN_ENUM_CONVERSION = YES;
				CLANG_WARN_INFINITE_RECURSION = YES;
				CLANG_WARN_INT_CONVERSION = YES;
				CLANG_WARN_NON_LITERAL_NULL_CONVERSION = YES;
				CLANG_WARN_OBJC_IMPLICIT_RETAIN_SELF = YES;
				CLANG_WARN_OBJC_LITERAL_CONVERSION = YES;
				CLANG_WARN_OBJC_ROOT_CLASS = YES_ERROR;
				CLANG_WARN_RANGE_LOOP_ANALYSIS = YES;
				CLANG_WARN_STRICT_PROTOTYPES = YES;
				CLANG_WARN_SUSPICIOUS_MOVE = YES;
				CLANG_WARN_UNGUARDED_AVAILABILITY = YES_AGGRESSIVE;
				CLANG_WARN_UNREACHABLE_CODE = YES;
				CLANG_WARN__DUPLICATE_METHOD_MATCH = YES;
				COPY_PHASE_STRIP = NO;
				DEBUG_INFORMATION_FORMAT = dwarf;
				ENABLE_STRICT_OBJC_MSGSEND = YES;
				ENABLE_TESTABILITY = YES;
				GCC_C_LANGUAGE_STANDARD = gnu11;
				GCC_DYNAMIC_NO_PIC = NO;
				GCC_NO_COMMON_BLOCKS = YES;
				GCC_OPTIMIZATION_LEVEL = 0;
				GCC_PREPROCESSOR_DEFINITIONS = (
					"DEBUG=1",
					"$(inherited)",
				);
				GCC_WARN_64_TO_32_BIT_CONVERSION = YES;
				GCC_WARN_ABOUT_RETURN_TYPE = YES_ERROR;
				GCC_WARN_UNDECLARED_SELECTOR = YES;
				GCC_WARN_UNINITIALIZED_AUTOS = YES_AGGRESSIVE;
				GCC_WARN_UNUSED_FUNCTION = YES;
				GCC_WARN_UNUSED_VARIABLE = YES;
				IPHONEOS_DEPLOYMENT_TARGET = 13.2;
				MTL_ENABLE_DEBUG_INFO = INCLUDE_SOURCE;
				MTL_FAST_MATH = YES;
				ONLY_ACTIVE_ARCH = YES;
				SDKROOT = iphoneos;
				SWIFT_ACTIVE_COMPILATION_CONDITIONS = DEBUG;
				SWIFT_OPTIMIZATION_LEVEL = "-Onone";
			};
			name = Debug;
		};
		56945F8A241DD0010070E281 /* Release */ = {
			isa = XCBuildConfiguration;
			buildSettings = {
				ALWAYS_SEARCH_USER_PATHS = NO;
				CLANG_ANALYZER_NONNULL = YES;
				CLANG_ANALYZER_NUMBER_OBJECT_CONVERSION = YES_AGGRESSIVE;
				CLANG_CXX_LANGUAGE_STANDARD = "gnu++14";
				CLANG_CXX_LIBRARY = "libc++";
				CLANG_ENABLE_MODULES = YES;
				CLANG_ENABLE_OBJC_ARC = YES;
				CLANG_ENABLE_OBJC_WEAK = YES;
				CLANG_WARN_BLOCK_CAPTURE_AUTORELEASING = YES;
				CLANG_WARN_BOOL_CONVERSION = YES;
				CLANG_WARN_COMMA = YES;
				CLANG_WARN_CONSTANT_CONVERSION = YES;
				CLANG_WARN_DEPRECATED_OBJC_IMPLEMENTATIONS = YES;
				CLANG_WARN_DIRECT_OBJC_ISA_USAGE = YES_ERROR;
				CLANG_WARN_DOCUMENTATION_COMMENTS = YES;
				CLANG_WARN_EMPTY_BODY = YES;
				CLANG_WARN_ENUM_CONVERSION = YES;
				CLANG_WARN_INFINITE_RECURSION = YES;
				CLANG_WARN_INT_CONVERSION = YES;
				CLANG_WARN_NON_LITERAL_NULL_CONVERSION = YES;
				CLANG_WARN_OBJC_IMPLICIT_RETAIN_SELF = YES;
				CLANG_WARN_OBJC_LITERAL_CONVERSION = YES;
				CLANG_WARN_OBJC_ROOT_CLASS = YES_ERROR;
				CLANG_WARN_RANGE_LOOP_ANALYSIS = YES;
				CLANG_WARN_STRICT_PROTOTYPES = YES;
				CLANG_WARN_SUSPICIOUS_MOVE = YES;
				CLANG_WARN_UNGUARDED_AVAILABILITY = YES_AGGRESSIVE;
				CLANG_WARN_UNREACHABLE_CODE = YES;
				CLANG_WARN__DUPLICATE_METHOD_MATCH = YES;
				COPY_PHASE_STRIP = NO;
				DEBUG_INFORMATION_FORMAT = "dwarf-with-dsym";
				ENABLE_NS_ASSERTIONS = NO;
				ENABLE_STRICT_OBJC_MSGSEND = YES;
				GCC_C_LANGUAGE_STANDARD = gnu11;
				GCC_NO_COMMON_BLOCKS = YES;
				GCC_WARN_64_TO_32_BIT_CONVERSION = YES;
				GCC_WARN_ABOUT_RETURN_TYPE = YES_ERROR;
				GCC_WARN_UNDECLARED_SELECTOR = YES;
				GCC_WARN_UNINITIALIZED_AUTOS = YES_AGGRESSIVE;
				GCC_WARN_UNUSED_FUNCTION = YES;
				GCC_WARN_UNUSED_VARIABLE = YES;
				IPHONEOS_DEPLOYMENT_TARGET = 13.2;
				MTL_ENABLE_DEBUG_INFO = NO;
				MTL_FAST_MATH = YES;
				SDKROOT = iphoneos;
				SWIFT_COMPILATION_MODE = wholemodule;
				SWIFT_OPTIMIZATION_LEVEL = "-O";
				VALIDATE_PRODUCT = YES;
			};
			name = Release;
		};
		56945F8C241DD0010070E281 /* Debug */ = {
			isa = XCBuildConfiguration;
			buildSettings = {
				ASSETCATALOG_COMPILER_APPICON_NAME = AppIcon;
				CODE_SIGN_STYLE = Automatic;
				INFOPLIST_FILE = UserDefaults/Info.plist;
				LD_RUNPATH_SEARCH_PATHS = (
					"$(inherited)",
					"@executable_path/Frameworks",
				);
				PRODUCT_BUNDLE_IDENTIFIER = com.litech.UserDefaults;
				PRODUCT_NAME = "$(TARGET_NAME)";
				SWIFT_VERSION = 5.0;
				TARGETED_DEVICE_FAMILY = "1,2";
			};
			name = Debug;
		};
		56945F8D241DD0010070E281 /* Release */ = {
			isa = XCBuildConfiguration;
			buildSettings = {
				ASSETCATALOG_COMPILER_APPICON_NAME = AppIcon;
				CODE_SIGN_STYLE = Automatic;
				INFOPLIST_FILE = UserDefaults/Info.plist;
				LD_RUNPATH_SEARCH_PATHS = (
					"$(inherited)",
					"@executable_path/Frameworks",
				);
				PRODUCT_BUNDLE_IDENTIFIER = com.litech.UserDefaults;
				PRODUCT_NAME = "$(TARGET_NAME)";
				SWIFT_VERSION = 5.0;
				TARGETED_DEVICE_FAMILY = "1,2";
			};
			name = Release;
		};
		56945F8F241DD0010070E281 /* Debug */ = {
			isa = XCBuildConfiguration;
			buildSettings = {
				ALWAYS_EMBED_SWIFT_STANDARD_LIBRARIES = YES;
				BUNDLE_LOADER = "$(TEST_HOST)";
				CODE_SIGN_STYLE = Automatic;
				INFOPLIST_FILE = UserDefaultsTests/Info.plist;
				IPHONEOS_DEPLOYMENT_TARGET = 13.2;
				LD_RUNPATH_SEARCH_PATHS = (
					"$(inherited)",
					"@executable_path/Frameworks",
					"@loader_path/Frameworks",
				);
				PRODUCT_BUNDLE_IDENTIFIER = com.litech.UserDefaultsTests;
				PRODUCT_NAME = "$(TARGET_NAME)";
				SWIFT_VERSION = 5.0;
				TARGETED_DEVICE_FAMILY = "1,2";
				TEST_HOST = "$(BUILT_PRODUCTS_DIR)/UserDefaults.app/UserDefaults";
			};
			name = Debug;
		};
		56945F90241DD0010070E281 /* Release */ = {
			isa = XCBuildConfiguration;
			buildSettings = {
				ALWAYS_EMBED_SWIFT_STANDARD_LIBRARIES = YES;
				BUNDLE_LOADER = "$(TEST_HOST)";
				CODE_SIGN_STYLE = Automatic;
				INFOPLIST_FILE = UserDefaultsTests/Info.plist;
				IPHONEOS_DEPLOYMENT_TARGET = 13.2;
				LD_RUNPATH_SEARCH_PATHS = (
					"$(inherited)",
					"@executable_path/Frameworks",
					"@loader_path/Frameworks",
				);
				PRODUCT_BUNDLE_IDENTIFIER = com.litech.UserDefaultsTests;
				PRODUCT_NAME = "$(TARGET_NAME)";
				SWIFT_VERSION = 5.0;
				TARGETED_DEVICE_FAMILY = "1,2";
				TEST_HOST = "$(BUILT_PRODUCTS_DIR)/UserDefaults.app/UserDefaults";
			};
			name = Release;
		};
		56945F92241DD0010070E281 /* Debug */ = {
			isa = XCBuildConfiguration;
			buildSettings = {
				ALWAYS_EMBED_SWIFT_STANDARD_LIBRARIES = YES;
				CODE_SIGN_STYLE = Automatic;
				INFOPLIST_FILE = UserDefaultsUITests/Info.plist;
				LD_RUNPATH_SEARCH_PATHS = (
					"$(inherited)",
					"@executable_path/Frameworks",
					"@loader_path/Frameworks",
				);
				PRODUCT_BUNDLE_IDENTIFIER = com.litech.UserDefaultsUITests;
				PRODUCT_NAME = "$(TARGET_NAME)";
				SWIFT_VERSION = 5.0;
				TARGETED_DEVICE_FAMILY = "1,2";
				TEST_TARGET_NAME = UserDefaults;
			};
			name = Debug;
		};
		56945F93241DD0010070E281 /* Release */ = {
			isa = XCBuildConfiguration;
			buildSettings = {
				ALWAYS_EMBED_SWIFT_STANDARD_LIBRARIES = YES;
				CODE_SIGN_STYLE = Automatic;
				INFOPLIST_FILE = UserDefaultsUITests/Info.plist;
				LD_RUNPATH_SEARCH_PATHS = (
					"$(inherited)",
					"@executable_path/Frameworks",
					"@loader_path/Frameworks",
				);
				PRODUCT_BUNDLE_IDENTIFIER = com.litech.UserDefaultsUITests;
				PRODUCT_NAME = "$(TARGET_NAME)";
				SWIFT_VERSION = 5.0;
				TARGETED_DEVICE_FAMILY = "1,2";
				TEST_TARGET_NAME = UserDefaults;
			};
			name = Release;
		};
/* End XCBuildConfiguration section */

/* Begin XCConfigurationList section */
		56945F5C241DCFFC0070E281 /* Build configuration list for PBXProject "UserDefaults" */ = {
			isa = XCConfigurationList;
			buildConfigurations = (
				56945F89241DD0010070E281 /* Debug */,
				56945F8A241DD0010070E281 /* Release */,
			);
			defaultConfigurationIsVisible = 0;
			defaultConfigurationName = Release;
		};
		56945F8B241DD0010070E281 /* Build configuration list for PBXNativeTarget "UserDefaults" */ = {
			isa = XCConfigurationList;
			buildConfigurations = (
				56945F8C241DD0010070E281 /* Debug */,
				56945F8D241DD0010070E281 /* Release */,
			);
			defaultConfigurationIsVisible = 0;
			defaultConfigurationName = Release;
		};
		56945F8E241DD0010070E281 /* Build configuration list for PBXNativeTarget "UserDefaultsTests" */ = {
			isa = XCConfigurationList;
			buildConfigurations = (
				56945F8F241DD0010070E281 /* Debug */,
				56945F90241DD0010070E281 /* Release */,
			);
			defaultConfigurationIsVisible = 0;
			defaultConfigurationName = Release;
		};
		56945F91241DD0010070E281 /* Build configuration list for PBXNativeTarget "UserDefaultsUITests" */ = {
			isa = XCConfigurationList;
			buildConfigurations = (
				56945F92241DD0010070E281 /* Debug */,
				56945F93241DD0010070E281 /* Release */,
			);
			defaultConfigurationIsVisible = 0;
			defaultConfigurationName = Release;
		};
/* End XCConfigurationList section */
	};
	rootObject = 56945F59241DCFFC0070E281 /* Project object */;
}
